
Microsoft Visual Studio Solution File, Format Version 12.00
# Visual Studio Version 16
VisualStudioVersion = 16.0.28922.388
MinimumVisualStudioVersion = 10.0.40219.1
Project("{FAE04EC0-301F-11D3-BF4B-00C04F79EFBC}") = "WebApiADO.NetCrudPagination", "WebApiADO.NetCrudPagination.csproj", "{819CCC85-518B-4250-BE26-78765CA7D4D1}"
EndProject
Global
	GlobalSection(SolutionConfigurationPlatforms) = preSolution
		Debug|Any CPU = Debug|Any CPU
		Release|Any CPU = Release|Any CPU
	EndGlobalSection
	GlobalSection(ProjectConfigurationPlatforms) = postSolution
		{819CCC85-518B-4250-BE26-78765CA7D4D1}.Debug|Any CPU.ActiveCfg = Debug|Any CPU
		{819CCC85-518B-4250-BE26-78765CA7D4D1}.Debug|Any CPU.Build.0 = Debug|Any CPU
		{819CCC85-518B-4250-BE26-78765CA7D4D1}.Release|Any CPU.ActiveCfg = Release|Any CPU
		{819CCC85-518B-4250-BE26-78765CA7D4D1}.Release|Any CPU.Build.0 = Release|Any CPU
	EndGlobalSection
	GlobalSection(SolutionProperties) = preSolution
		HideSolutionNode = FALSE
	EndGlobalSection
	GlobalSection(ExtensibilityGlobals) = postSolution
		SolutionGuid = {BDDC54AA-1AE3-416A-A440-38A6B7A0805E}
	EndGlobalSection
EndGlobal
